
Microsoft Visual Studio Solution File, Format Version 12.00
# Visual Studio Version 16
VisualStudioVersion = 16.0.30320.27
MinimumVisualStudioVersion = 10.0.40219.1
Project("{9A19103F-16F7-4668-BE54-9A1E7A4F7556}") = "DataStructures", "DataStructures\DataStructures.csproj", "{870DE691-1811-4C0C-BEFE-35AE069CB7C0}"
EndProject
Project("{9A19103F-16F7-4668-BE54-9A1E7A4F7556}") = "BoxesProjectLogic", "BoxesProjectLogic\BoxesProjectLogic.csproj", "{69502C21-6E83-446D-A758-E1907DEF4260}"
EndProject
Project("{FAE04EC0-301F-11D3-BF4B-00C04F79EFBC}") = "ConsoleTesting", "ConsoleTesting\ConsoleTesting.csproj", "{206E43DF-25EF-4EA0-8067-B4BEDE6BAB8D}"
EndProject
Project("{FAE04EC0-301F-11D3-BF4B-00C04F79EFBC}") = "BoxesProjectData", "BoxesProjectData\BoxesProjectData.csproj", "{81308F60-E2C0-4C97-8776-5A24C52A35A4}"
EndProject
Project("{FAE04EC0-301F-11D3-BF4B-00C04F79EFBC}") = "BoxesPojectShared", "BoxesPojectShared\BoxesPojectShared.csproj", "{153A44D6-47DC-4FE4-95AD-A537C76E0866}"
EndProject
Global
	GlobalSection(SolutionConfigurationPlatforms) = preSolution
		Debug|Any CPU = Debug|Any CPU
		Release|Any CPU = Release|Any CPU
	EndGlobalSection
	GlobalSection(ProjectConfigurationPlatforms) = postSolution
		{870DE691-1811-4C0C-BEFE-35AE069CB7C0}.Debug|Any CPU.ActiveCfg = Debug|Any CPU
		{870DE691-1811-4C0C-BEFE-35AE069CB7C0}.Debug|Any CPU.Build.0 = Debug|Any CPU
		{870DE691-1811-4C0C-BEFE-35AE069CB7C0}.Release|Any CPU.ActiveCfg = Release|Any CPU
		{870DE691-1811-4C0C-BEFE-35AE069CB7C0}.Release|Any CPU.Build.0 = Release|Any CPU
		{69502C21-6E83-446D-A758-E1907DEF4260}.Debug|Any CPU.ActiveCfg = Debug|Any CPU
		{69502C21-6E83-446D-A758-E1907DEF4260}.Debug|Any CPU.Build.0 = Debug|Any CPU
		{69502C21-6E83-446D-A758-E1907DEF4260}.Release|Any CPU.ActiveCfg = Release|Any CPU
		{69502C21-6E83-446D-A758-E1907DEF4260}.Release|Any CPU.Build.0 = Release|Any CPU
		{206E43DF-25EF-4EA0-8067-B4BEDE6BAB8D}.Debug|Any CPU.ActiveCfg = Debug|Any CPU
		{206E43DF-25EF-4EA0-8067-B4BEDE6BAB8D}.Debug|Any CPU.Build.0 = Debug|Any CPU
		{206E43DF-25EF-4EA0-8067-B4BEDE6BAB8D}.Release|Any CPU.ActiveCfg = Release|Any CPU
		{206E43DF-25EF-4EA0-8067-B4BEDE6BAB8D}.Release|Any CPU.Build.0 = Release|Any CPU
		{81308F60-E2C0-4C97-8776-5A24C52A35A4}.Debug|Any CPU.ActiveCfg = Debug|Any CPU
		{81308F60-E2C0-4C97-8776-5A24C52A35A4}.Debug|Any CPU.Build.0 = Debug|Any CPU
		{81308F60-E2C0-4C97-8776-5A24C52A35A4}.Release|Any CPU.ActiveCfg = Release|Any CPU
		{81308F60-E2C0-4C97-8776-5A24C52A35A4}.Release|Any CPU.Build.0 = Release|Any CPU
		{153A44D6-47DC-4FE4-95AD-A537C76E0866}.Debug|Any CPU.ActiveCfg = Debug|Any CPU
		{153A44D6-47DC-4FE4-95AD-A537C76E0866}.Debug|Any CPU.Build.0 = Debug|Any CPU
		{153A44D6-47DC-4FE4-95AD-A537C76E0866}.Release|Any CPU.ActiveCfg = Release|Any CPU
		{153A44D6-47DC-4FE4-95AD-A537C76E0866}.Release|Any CPU.Build.0 = Release|Any CPU
	EndGlobalSection
	GlobalSection(SolutionProperties) = preSolution
		HideSolutionNode = FALSE
	EndGlobalSection
	GlobalSection(ExtensibilityGlobals) = postSolution
		SolutionGuid = {560015B0-13DC-4924-A7AA-74499557BF13}
	EndGlobalSection
EndGlobal
