
Microsoft Visual Studio Solution File, Format Version 12.00
# Visual Studio Version 16
VisualStudioVersion = 16.0.30225.117
MinimumVisualStudioVersion = 10.0.40219.1
Project("{FAE04EC0-301F-11D3-BF4B-00C04F79EFBC}") = "ConsoleApp3", "ConsoleApp3\ConsoleApp3.csproj", "{F660BBE6-78C7-4033-8990-4B1170504310}"
EndProject
Project("{FAE04EC0-301F-11D3-BF4B-00C04F79EFBC}") = "Data", "Data\Data.csproj", "{7D32EEB4-C7F9-4E98-8FB6-4BBFAAE4A71A}"
EndProject
Global
	GlobalSection(SolutionConfigurationPlatforms) = preSolution
		Debug|Any CPU = Debug|Any CPU
		Release|Any CPU = Release|Any CPU
	EndGlobalSection
	GlobalSection(ProjectConfigurationPlatforms) = postSolution
		{F660BBE6-78C7-4033-8990-4B1170504310}.Debug|Any CPU.ActiveCfg = Debug|Any CPU
		{F660BBE6-78C7-4033-8990-4B1170504310}.Debug|Any CPU.Build.0 = Debug|Any CPU
		{F660BBE6-78C7-4033-8990-4B1170504310}.Release|Any CPU.ActiveCfg = Release|Any CPU
		{F660BBE6-78C7-4033-8990-4B1170504310}.Release|Any CPU.Build.0 = Release|Any CPU
		{7D32EEB4-C7F9-4E98-8FB6-4BBFAAE4A71A}.Debug|Any CPU.ActiveCfg = Debug|Any CPU
		{7D32EEB4-C7F9-4E98-8FB6-4BBFAAE4A71A}.Debug|Any CPU.Build.0 = Debug|Any CPU
		{7D32EEB4-C7F9-4E98-8FB6-4BBFAAE4A71A}.Release|Any CPU.ActiveCfg = Release|Any CPU
		{7D32EEB4-C7F9-4E98-8FB6-4BBFAAE4A71A}.Release|Any CPU.Build.0 = Release|Any CPU
	EndGlobalSection
	GlobalSection(SolutionProperties) = preSolution
		HideSolutionNode = FALSE
	EndGlobalSection
	GlobalSection(ExtensibilityGlobals) = postSolution
		SolutionGuid = {61B2CF8E-9553-449C-A2E0-F1729F8CF062}
	EndGlobalSection
EndGlobal
